
Microsoft Visual Studio Solution File, Format Version 12.00
# Visual Studio Version 17
VisualStudioVersion = 17.6.33815.320
MinimumVisualStudioVersion = 10.0.40219.1
Project("{FAE04EC0-301F-11D3-BF4B-00C04F79EFBC}") = "DummyMongo", "DummyMongo\DummyMongo.csproj", "{116F07E3-9534-43FD-BC8F-6B51ECDE57DB}"
EndProject
Global
	GlobalSection(SolutionConfigurationPlatforms) = preSolution
		Debug|Any CPU = Debug|Any CPU
		Release|Any CPU = Release|Any CPU
	EndGlobalSection
	GlobalSection(ProjectConfigurationPlatforms) = postSolution
		{116F07E3-9534-43FD-BC8F-6B51ECDE57DB}.Debug|Any CPU.ActiveCfg = Debug|Any CPU
		{116F07E3-9534-43FD-BC8F-6B51ECDE57DB}.Debug|Any CPU.Build.0 = Debug|Any CPU
		{116F07E3-9534-43FD-BC8F-6B51ECDE57DB}.Release|Any CPU.ActiveCfg = Release|Any CPU
		{116F07E3-9534-43FD-BC8F-6B51ECDE57DB}.Release|Any CPU.Build.0 = Release|Any CPU
	EndGlobalSection
	GlobalSection(SolutionProperties) = preSolution
		HideSolutionNode = FALSE
	EndGlobalSection
	GlobalSection(ExtensibilityGlobals) = postSolution
		SolutionGuid = {C158DC88-E1CC-4661-A4EF-D8866FCFF75B}
	EndGlobalSection
EndGlobal
